
Microsoft Visual Studio Solution File, Format Version 12.00
# Visual Studio Version 16
VisualStudioVersion = 16.0.28922.388
MinimumVisualStudioVersion = 10.0.40219.1
Project("{FAE04EC0-301F-11D3-BF4B-00C04F79EFBC}") = "GeoCodeBulkUpdate", "GeoCodeBulkUpdate\GeoCodeBulkUpdate.csproj", "{33CA247A-3D4E-449C-BF1D-A34777B14DD1}"
EndProject
Global
	GlobalSection(SolutionConfigurationPlatforms) = preSolution
		Debug|Any CPU = Debug|Any CPU
		Release|Any CPU = Release|Any CPU
	EndGlobalSection
	GlobalSection(ProjectConfigurationPlatforms) = postSolution
		{33CA247A-3D4E-449C-BF1D-A34777B14DD1}.Debug|Any CPU.ActiveCfg = Debug|Any CPU
		{33CA247A-3D4E-449C-BF1D-A34777B14DD1}.Debug|Any CPU.Build.0 = Debug|Any CPU
		{33CA247A-3D4E-449C-BF1D-A34777B14DD1}.Release|Any CPU.ActiveCfg = Release|Any CPU
		{33CA247A-3D4E-449C-BF1D-A34777B14DD1}.Release|Any CPU.Build.0 = Release|Any CPU
	EndGlobalSection
	GlobalSection(SolutionProperties) = preSolution
		HideSolutionNode = FALSE
	EndGlobalSection
	GlobalSection(ExtensibilityGlobals) = postSolution
		SolutionGuid = {986B6215-44F8-4B23-9740-109D86183800}
	EndGlobalSection
EndGlobal
