
Microsoft Visual Studio Solution File, Format Version 12.00
# Visual Studio 15
VisualStudioVersion = 15.0.28307.271
MinimumVisualStudioVersion = 10.0.40219.1
Project("{9A19103F-16F7-4668-BE54-9A1E7A4F7556}") = "GeoCodeBulkUpdate", "GeoCodeBulkUpdate\GeoCodeBulkUpdate.csproj", "{33CA247A-3D4E-449C-BF1D-A34777B14DD1}"
EndProject
Project("{2150E333-8FDC-42A3-9474-1A3956D46DE8}") = "PSScripts", "PSScripts", "{AD1C8B52-25A0-45F8-898E-039A59BD6985}"
	ProjectSection(SolutionItems) = preProject
		PSScripts\Set-AppSettingsSecrets.ps1 = PSScripts\Set-AppSettingsSecrets.ps1
	EndProjectSection
EndProject
Global
	GlobalSection(SolutionConfigurationPlatforms) = preSolution
		Debug|Any CPU = Debug|Any CPU
		Release|Any CPU = Release|Any CPU
	EndGlobalSection
	GlobalSection(ProjectConfigurationPlatforms) = postSolution
		{33CA247A-3D4E-449C-BF1D-A34777B14DD1}.Debug|Any CPU.ActiveCfg = Debug|Any CPU
		{33CA247A-3D4E-449C-BF1D-A34777B14DD1}.Debug|Any CPU.Build.0 = Debug|Any CPU
		{33CA247A-3D4E-449C-BF1D-A34777B14DD1}.Release|Any CPU.ActiveCfg = Release|Any CPU
		{33CA247A-3D4E-449C-BF1D-A34777B14DD1}.Release|Any CPU.Build.0 = Release|Any CPU
	EndGlobalSection
	GlobalSection(SolutionProperties) = preSolution
		HideSolutionNode = FALSE
	EndGlobalSection
	GlobalSection(ExtensibilityGlobals) = postSolution
		SolutionGuid = {986B6215-44F8-4B23-9740-109D86183800}
	EndGlobalSection
EndGlobal
